# This file is autogenerated, do not edit; changes may be undone by the next 'dep ensure'.


[[projects]]
  digest = "1:311658edb63e7c43bce1fed43495d75f3c0d6ddc801719b428b873b5049c683f"
  name = "github.com/miekg/dns"
  packages = ["."]
  pruneopts = "UT"
  revision = "1e224ff5dead8366ed6fcdcb832794be42e73f0e"
  version = "v1.1.22"

[[projects]]
  branch = "master"
  digest = "1:cd7e85fc3687e062714febdee3e8efeb00a413a2a620d28908fd0258261d2353"
  name = "golang.org/x/crypto"
  packages = [
    "ed25519",
    "ed25519/internal/edwards25519",
  ]
  pruneopts = "UT"
  revision = "87dc89f01550277dc22b74ffcf4cd89fa2f40f4c"

[[projects]]
  branch = "master"
  digest = "1:5b255efd77604ca8d74214826d877267905a1f81ad4f6bbbdf8c5c53b675ecf3"
  name = "golang.org/x/net"
  packages = [
    "bpf",
    "internal/iana",
    "internal/socket",
    "ipv4",
    "ipv6",
  ]
  pruneopts = "UT"
  revision = "da9a3fd4c5820e74b24a6cb7fb438dc9b0dd377c"

[[projects]]
  branch = "master"
  digest = "1:a93546dc9387cd0e520a5dd40e0bab495a4edefc653c0d4992e10366c8f7e151"
  name = "golang.org/x/sys"
  packages = [
    "unix",
    "windows",
  ]
  pruneopts = "UT"
  revision = "3e7259c5e7c2076bb2728047a3df75adb1bad8e5"

[solve-meta]
  analyzer-name = "dep"
  analyzer-version = 1
  input-imports = ["github.com/miekg/dns"]
  solver-name = "gps-cdcl"
  solver-version = 1
